
Microsoft Visual Studio Solution File, Format Version 12.00
# Visual Studio Version 17
VisualStudioVersion = 17.5.002.0
MinimumVisualStudioVersion = 10.0.40219.1
Project("{9A19103F-16F7-4668-BE54-9A1E7A4F7556}") = "Joffer", "Joffer.csproj", "{B38E4478-E10E-4F59-8473-954209E6EEFF}"
EndProject
Global
	GlobalSection(SolutionConfigurationPlatforms) = preSolution
		Debug|Any CPU = Debug|Any CPU
		Release|Any CPU = Release|Any CPU
	EndGlobalSection
	GlobalSection(ProjectConfigurationPlatforms) = postSolution
		{B38E4478-E10E-4F59-8473-954209E6EEFF}.Debug|Any CPU.ActiveCfg = Debug|Any CPU
		{B38E4478-E10E-4F59-8473-954209E6EEFF}.Debug|Any CPU.Build.0 = Debug|Any CPU
		{B38E4478-E10E-4F59-8473-954209E6EEFF}.Release|Any CPU.ActiveCfg = Release|Any CPU
		{B38E4478-E10E-4F59-8473-954209E6EEFF}.Release|Any CPU.Build.0 = Release|Any CPU
	EndGlobalSection
	GlobalSection(SolutionProperties) = preSolution
		HideSolutionNode = FALSE
	EndGlobalSection
	GlobalSection(ExtensibilityGlobals) = postSolution
		SolutionGuid = {638C32FA-7B51-4323-A27E-29EE6977CBE6}
	EndGlobalSection
EndGlobal
